
Microsoft Visual Studio Solution File, Format Version 12.00
# Visual Studio Version 17
VisualStudioVersion = 17.14.36915.13 d17.14
MinimumVisualStudioVersion = 10.0.40219.1
Project("{FAE04EC0-301F-11D3-BF4B-00C04F79EFBC}") = "CityLibaraySystem", "CityLibaraySystem\CityLibaraySystem.csproj", "{378F09B8-2505-4985-B47F-9AFF5F94A373}"
EndProject
Global
	GlobalSection(SolutionConfigurationPlatforms) = preSolution
		Debug|Any CPU = Debug|Any CPU
		Release|Any CPU = Release|Any CPU
	EndGlobalSection
	GlobalSection(ProjectConfigurationPlatforms) = postSolution
		{378F09B8-2505-4985-B47F-9AFF5F94A373}.Debug|Any CPU.ActiveCfg = Debug|Any CPU
		{378F09B8-2505-4985-B47F-9AFF5F94A373}.Debug|Any CPU.Build.0 = Debug|Any CPU
		{378F09B8-2505-4985-B47F-9AFF5F94A373}.Release|Any CPU.ActiveCfg = Release|Any CPU
		{378F09B8-2505-4985-B47F-9AFF5F94A373}.Release|Any CPU.Build.0 = Release|Any CPU
	EndGlobalSection
	GlobalSection(SolutionProperties) = preSolution
		HideSolutionNode = FALSE
	EndGlobalSection
	GlobalSection(ExtensibilityGlobals) = postSolution
		SolutionGuid = {17B03343-D35C-4091-B47F-5CFEBE8BDD65}
	EndGlobalSection
EndGlobal
